// !$*UTF8*$!
{
	archiveVersion = 1;
	classes = {
	};
	objectVersion = 52;
	objects = {

/* Begin PBXBuildFile section */
		3248B7EA26A3F88D002A8660 /* Question.swift in Sources */ = {isa = PBXBuildFile; fileRef = 3248B7E926A3F88D002A8660 /* Question.swift */; };
		3248B7EC26A4058F002A8660 /* QuestionTests.swift in Sources */ = {isa = PBXBuildFile; fileRef = 3248B7EB26A4058F002A8660 /* QuestionTests.swift */; };
		3250B02826BDE884002C5377 /* Feedback.swift in Sources */ = {isa = PBXBuildFile; fileRef = 3250B02726BDE884002C5377 /* Feedback.swift */; };
		3250B02A26BDFE8B002C5377 /* QuestionInteractionTests.swift in Sources */ = {isa = PBXBuildFile; fileRef = 3250B02926BDFE8B002C5377 /* QuestionInteractionTests.swift */; };
		3250B02D26BE066B002C5377 /* AlertFailure.swift in Sources */ = {isa = PBXBuildFile; fileRef = 3250B02C26BE066B002C5377 /* AlertFailure.swift */; };
		325495C326AA01270078E290 /* MainViewModel.swift in Sources */ = {isa = PBXBuildFile; fileRef = 325495C226AA01270078E290 /* MainViewModel.swift */; };
		325495C526AA01390078E290 /* ViewModel.swift in Sources */ = {isa = PBXBuildFile; fileRef = 325495C426AA01390078E290 /* ViewModel.swift */; };
		325495CA26AA0F340078E290 /* AppSettings.swift in Sources */ = {isa = PBXBuildFile; fileRef = 325495C926AA0F340078E290 /* AppSettings.swift */; };
		3259F66126A8F6FF0094C49A /* RoundedButton.swift in Sources */ = {isa = PBXBuildFile; fileRef = 3259F65F26A8F6FF0094C49A /* RoundedButton.swift */; };
		3259F66226A8F6FF0094C49A /* MainScreenButton.swift in Sources */ = {isa = PBXBuildFile; fileRef = 3259F66026A8F6FF0094C49A /* MainScreenButton.swift */; };
		326655EE26A6BCB0008D8B32 /* BasicFunctionalityTests.swift in Sources */ = {isa = PBXBuildFile; fileRef = 326655ED26A6BCB0008D8B32 /* BasicFunctionalityTests.swift */; };
		326655F026A6BD1E008D8B32 /* AdvancedInteractionTests.swift in Sources */ = {isa = PBXBuildFile; fileRef = 326655EF26A6BD1E008D8B32 /* AdvancedInteractionTests.swift */; };
		3298C89126AA2330009CB54F /* RxCocoa in Frameworks */ = {isa = PBXBuildFile; productRef = 3298C89026AA2330009CB54F /* RxCocoa */; };
		3298C89326AA2330009CB54F /* RxSwift in Frameworks */ = {isa = PBXBuildFile; productRef = 3298C89226AA2330009CB54F /* RxSwift */; };
		3298C89A26AA2820009CB54F /* RxRelay in Frameworks */ = {isa = PBXBuildFile; productRef = 3298C89926AA2820009CB54F /* RxRelay */; };
		32BABEE126A205E4002618A0 /* AppDelegate.swift in Sources */ = {isa = PBXBuildFile; fileRef = 32BABEE026A205E4002618A0 /* AppDelegate.swift */; };
		32BABEE326A205E4002618A0 /* SceneDelegate.swift in Sources */ = {isa = PBXBuildFile; fileRef = 32BABEE226A205E4002618A0 /* SceneDelegate.swift */; };
		32BABEE526A205E4002618A0 /* MainViewController.swift in Sources */ = {isa = PBXBuildFile; fileRef = 32BABEE426A205E4002618A0 /* MainViewController.swift */; };
		32BABEE826A205E4002618A0 /* Main.storyboard in Resources */ = {isa = PBXBuildFile; fileRef = 32BABEE626A205E4002618A0 /* Main.storyboard */; };
		32BABEEA26A205E5002618A0 /* Assets.xcassets in Resources */ = {isa = PBXBuildFile; fileRef = 32BABEE926A205E5002618A0 /* Assets.xcassets */; };
		32BABEED26A205E5002618A0 /* LaunchScreen.storyboard in Resources */ = {isa = PBXBuildFile; fileRef = 32BABEEB26A205E5002618A0 /* LaunchScreen.storyboard */; };
		32BABF0326A205E5002618A0 /* quizez_iosUITests.swift in Sources */ = {isa = PBXBuildFile; fileRef = 32BABF0226A205E5002618A0 /* quizez_iosUITests.swift */; };
		32BABF1226A20A0A002618A0 /* SocketIO in Frameworks */ = {isa = PBXBuildFile; productRef = 32BABF1126A20A0A002618A0 /* SocketIO */; };
		32BABF1526A20B09002618A0 /* SocketService.swift in Sources */ = {isa = PBXBuildFile; fileRef = 32BABF1426A20B09002618A0 /* SocketService.swift */; };
		32BABF1926A20E93002618A0 /* SocketError.swift in Sources */ = {isa = PBXBuildFile; fileRef = 32BABF1826A20E93002618A0 /* SocketError.swift */; };
		32BABF1B26A21E5F002618A0 /* SocketResponse.swift in Sources */ = {isa = PBXBuildFile; fileRef = 32BABF1A26A21E5F002618A0 /* SocketResponse.swift */; };
		32BABF2126A24FFF002618A0 /* SocketServiceDelegateMock.swift in Sources */ = {isa = PBXBuildFile; fileRef = 32BABF2026A24FFF002618A0 /* SocketServiceDelegateMock.swift */; };
		32BABF2426A2B4B0002618A0 /* SocketRequest.swift in Sources */ = {isa = PBXBuildFile; fileRef = 32BABF2326A2B4B0002618A0 /* SocketRequest.swift */; };
		32CB7B0626A65D7900395F47 /* SocketIOService.swift in Sources */ = {isa = PBXBuildFile; fileRef = 32CB7B0526A65D7900395F47 /* SocketIOService.swift */; };
		32CB7B0826A65DB300395F47 /* SocketServiceDelegate.swift in Sources */ = {isa = PBXBuildFile; fileRef = 32CB7B0726A65DB300395F47 /* SocketServiceDelegate.swift */; };
		32D4AD3226A75F2500858B83 /* ResponseTests.swift in Sources */ = {isa = PBXBuildFile; fileRef = 32D4AD3126A75F2500858B83 /* ResponseTests.swift */; };
		32E29E7C26AA6DCC002090F8 /* Injector.swift in Sources */ = {isa = PBXBuildFile; fileRef = 32E29E7B26AA6DCC002090F8 /* Injector.swift */; };
		32EF494E26A611E10099BE9C /* Response.swift in Sources */ = {isa = PBXBuildFile; fileRef = 32EF494D26A611E10099BE9C /* Response.swift */; };
/* End PBXBuildFile section */

/* Begin PBXContainerItemProxy section */
		32BABEF426A205E5002618A0 /* PBXContainerItemProxy */ = {
			isa = PBXContainerItemProxy;
			containerPortal = 32BABED526A205E4002618A0 /* Project object */;
			proxyType = 1;
			remoteGlobalIDString = 32BABEDC26A205E4002618A0;
			remoteInfo = "quizez-ios";
		};
		32BABEFF26A205E5002618A0 /* PBXContainerItemProxy */ = {
			isa = PBXContainerItemProxy;
			containerPortal = 32BABED526A205E4002618A0 /* Project object */;
			proxyType = 1;
			remoteGlobalIDString = 32BABEDC26A205E4002618A0;
			remoteInfo = "quizez-ios";
		};
/* End PBXContainerItemProxy section */

/* Begin PBXFileReference section */
		3248B7E926A3F88D002A8660 /* Question.swift */ = {isa = PBXFileReference; lastKnownFileType = sourcecode.swift; path = Question.swift; sourceTree = "<group>"; };
		3248B7EB26A4058F002A8660 /* QuestionTests.swift */ = {isa = PBXFileReference; lastKnownFileType = sourcecode.swift; path = QuestionTests.swift; sourceTree = "<group>"; };
		3250B02726BDE884002C5377 /* Feedback.swift */ = {isa = PBXFileReference; lastKnownFileType = sourcecode.swift; path = Feedback.swift; sourceTree = "<group>"; };
		3250B02926BDFE8B002C5377 /* QuestionInteractionTests.swift */ = {isa = PBXFileReference; lastKnownFileType = sourcecode.swift; path = QuestionInteractionTests.swift; sourceTree = "<group>"; };
		3250B02C26BE066B002C5377 /* AlertFailure.swift */ = {isa = PBXFileReference; lastKnownFileType = sourcecode.swift; path = AlertFailure.swift; sourceTree = "<group>"; };
		325495C226AA01270078E290 /* MainViewModel.swift */ = {isa = PBXFileReference; lastKnownFileType = sourcecode.swift; path = MainViewModel.swift; sourceTree = "<group>"; };
		325495C426AA01390078E290 /* ViewModel.swift */ = {isa = PBXFileReference; lastKnownFileType = sourcecode.swift; path = ViewModel.swift; sourceTree = "<group>"; };
		325495C926AA0F340078E290 /* AppSettings.swift */ = {isa = PBXFileReference; lastKnownFileType = sourcecode.swift; path = AppSettings.swift; sourceTree = "<group>"; };
		3259F65F26A8F6FF0094C49A /* RoundedButton.swift */ = {isa = PBXFileReference; fileEncoding = 4; lastKnownFileType = sourcecode.swift; path = RoundedButton.swift; sourceTree = "<group>"; };
		3259F66026A8F6FF0094C49A /* MainScreenButton.swift */ = {isa = PBXFileReference; fileEncoding = 4; lastKnownFileType = sourcecode.swift; path = MainScreenButton.swift; sourceTree = "<group>"; };
		326655ED26A6BCB0008D8B32 /* BasicFunctionalityTests.swift */ = {isa = PBXFileReference; lastKnownFileType = sourcecode.swift; path = BasicFunctionalityTests.swift; sourceTree = "<group>"; };
		326655EF26A6BD1E008D8B32 /* AdvancedInteractionTests.swift */ = {isa = PBXFileReference; lastKnownFileType = sourcecode.swift; path = AdvancedInteractionTests.swift; sourceTree = "<group>"; };
		32BABEDD26A205E4002618A0 /* quizez-ios.app */ = {isa = PBXFileReference; explicitFileType = wrapper.application; includeInIndex = 0; path = "quizez-ios.app"; sourceTree = BUILT_PRODUCTS_DIR; };
		32BABEE026A205E4002618A0 /* AppDelegate.swift */ = {isa = PBXFileReference; lastKnownFileType = sourcecode.swift; path = AppDelegate.swift; sourceTree = "<group>"; };
		32BABEE226A205E4002618A0 /* SceneDelegate.swift */ = {isa = PBXFileReference; lastKnownFileType = sourcecode.swift; path = SceneDelegate.swift; sourceTree = "<group>"; };
		32BABEE426A205E4002618A0 /* MainViewController.swift */ = {isa = PBXFileReference; lastKnownFileType = sourcecode.swift; path = MainViewController.swift; sourceTree = "<group>"; };
		32BABEE726A205E4002618A0 /* Base */ = {isa = PBXFileReference; lastKnownFileType = file.storyboard; name = Base; path = Base.lproj/Main.storyboard; sourceTree = "<group>"; };
		32BABEE926A205E5002618A0 /* Assets.xcassets */ = {isa = PBXFileReference; lastKnownFileType = folder.assetcatalog; path = Assets.xcassets; sourceTree = "<group>"; };
		32BABEEC26A205E5002618A0 /* Base */ = {isa = PBXFileReference; lastKnownFileType = file.storyboard; name = Base; path = Base.lproj/LaunchScreen.storyboard; sourceTree = "<group>"; };
		32BABEEE26A205E5002618A0 /* Info.plist */ = {isa = PBXFileReference; lastKnownFileType = text.plist.xml; path = Info.plist; sourceTree = "<group>"; };
		32BABEF326A205E5002618A0 /* quizez-iosTests.xctest */ = {isa = PBXFileReference; explicitFileType = wrapper.cfbundle; includeInIndex = 0; path = "quizez-iosTests.xctest"; sourceTree = BUILT_PRODUCTS_DIR; };
		32BABEF926A205E5002618A0 /* Info.plist */ = {isa = PBXFileReference; lastKnownFileType = text.plist.xml; path = Info.plist; sourceTree = "<group>"; };
		32BABEFE26A205E5002618A0 /* quizez-iosUITests.xctest */ = {isa = PBXFileReference; explicitFileType = wrapper.cfbundle; includeInIndex = 0; path = "quizez-iosUITests.xctest"; sourceTree = BUILT_PRODUCTS_DIR; };
		32BABF0226A205E5002618A0 /* quizez_iosUITests.swift */ = {isa = PBXFileReference; lastKnownFileType = sourcecode.swift; path = quizez_iosUITests.swift; sourceTree = "<group>"; };
		32BABF0426A205E5002618A0 /* Info.plist */ = {isa = PBXFileReference; lastKnownFileType = text.plist.xml; path = Info.plist; sourceTree = "<group>"; };
		32BABF1426A20B09002618A0 /* SocketService.swift */ = {isa = PBXFileReference; lastKnownFileType = sourcecode.swift; path = SocketService.swift; sourceTree = "<group>"; };
		32BABF1826A20E93002618A0 /* SocketError.swift */ = {isa = PBXFileReference; lastKnownFileType = sourcecode.swift; path = SocketError.swift; sourceTree = "<group>"; };
		32BABF1A26A21E5F002618A0 /* SocketResponse.swift */ = {isa = PBXFileReference; lastKnownFileType = sourcecode.swift; path = SocketResponse.swift; sourceTree = "<group>"; };
		32BABF2026A24FFF002618A0 /* SocketServiceDelegateMock.swift */ = {isa = PBXFileReference; lastKnownFileType = sourcecode.swift; path = SocketServiceDelegateMock.swift; sourceTree = "<group>"; };
		32BABF2326A2B4B0002618A0 /* SocketRequest.swift */ = {isa = PBXFileReference; lastKnownFileType = sourcecode.swift; path = SocketRequest.swift; sourceTree = "<group>"; };
		32CB7B0526A65D7900395F47 /* SocketIOService.swift */ = {isa = PBXFileReference; lastKnownFileType = sourcecode.swift; path = SocketIOService.swift; sourceTree = "<group>"; };
		32CB7B0726A65DB300395F47 /* SocketServiceDelegate.swift */ = {isa = PBXFileReference; lastKnownFileType = sourcecode.swift; path = SocketServiceDelegate.swift; sourceTree = "<group>"; };
		32D4AD3126A75F2500858B83 /* ResponseTests.swift */ = {isa = PBXFileReference; lastKnownFileType = sourcecode.swift; path = ResponseTests.swift; sourceTree = "<group>"; };
		32E29E7B26AA6DCC002090F8 /* Injector.swift */ = {isa = PBXFileReference; lastKnownFileType = sourcecode.swift; path = Injector.swift; sourceTree = "<group>"; };
		32EF494D26A611E10099BE9C /* Response.swift */ = {isa = PBXFileReference; lastKnownFileType = sourcecode.swift; path = Response.swift; sourceTree = "<group>"; };
/* End PBXFileReference section */

/* Begin PBXFrameworksBuildPhase section */
		32BABEDA26A205E4002618A0 /* Frameworks */ = {
			isa = PBXFrameworksBuildPhase;
			buildActionMask = 2147483647;
			files = (
				3298C89A26AA2820009CB54F /* RxRelay in Frameworks */,
				3298C89126AA2330009CB54F /* RxCocoa in Frameworks */,
				32BABF1226A20A0A002618A0 /* SocketIO in Frameworks */,
				3298C89326AA2330009CB54F /* RxSwift in Frameworks */,
			);
			runOnlyForDeploymentPostprocessing = 0;
		};
		32BABEF026A205E5002618A0 /* Frameworks */ = {
			isa = PBXFrameworksBuildPhase;
			buildActionMask = 2147483647;
			files = (
			);
			runOnlyForDeploymentPostprocessing = 0;
		};
		32BABEFB26A205E5002618A0 /* Frameworks */ = {
			isa = PBXFrameworksBuildPhase;
			buildActionMask = 2147483647;
			files = (
			);
			runOnlyForDeploymentPostprocessing = 0;
		};
/* End PBXFrameworksBuildPhase section */

/* Begin PBXGroup section */
		3248B7E826A3F884002A8660 /* Quiz */ = {
			isa = PBXGroup;
			children = (
				3248B7E926A3F88D002A8660 /* Question.swift */,
				32EF494D26A611E10099BE9C /* Response.swift */,
				3250B02726BDE884002C5377 /* Feedback.swift */,
			);
			path = Quiz;
			sourceTree = "<group>";
		};
		3250B02B26BE065D002C5377 /* Util */ = {
			isa = PBXGroup;
			children = (
				3250B02C26BE066B002C5377 /* AlertFailure.swift */,
			);
			path = Util;
			sourceTree = "<group>";
		};
		325495C126AA00930078E290 /* ViewModels */ = {
			isa = PBXGroup;
			children = (
				325495C226AA01270078E290 /* MainViewModel.swift */,
				325495C426AA01390078E290 /* ViewModel.swift */,
			);
			path = ViewModels;
			sourceTree = "<group>";
		};
		326655EC26A6BC53008D8B32 /* SocketIOServiceTests */ = {
			isa = PBXGroup;
			children = (
				326655ED26A6BCB0008D8B32 /* BasicFunctionalityTests.swift */,
				326655EF26A6BD1E008D8B32 /* AdvancedInteractionTests.swift */,
				3250B02926BDFE8B002C5377 /* QuestionInteractionTests.swift */,
			);
			path = SocketIOServiceTests;
			sourceTree = "<group>";
		};
		3298C89626AA281D009CB54F /* Frameworks */ = {
			isa = PBXGroup;
			children = (
			);
			name = Frameworks;
			sourceTree = "<group>";
		};
		3298C89B26AA4E77009CB54F /* Injection */ = {
			isa = PBXGroup;
			children = (
				32E29E7B26AA6DCC002090F8 /* Injector.swift */,
			);
			path = Injection;
			sourceTree = "<group>";
		};
		32BABED426A205E4002618A0 = {
			isa = PBXGroup;
			children = (
				32BABEDF26A205E4002618A0 /* quizez-ios */,
				32BABEF626A205E5002618A0 /* quizez-iosTests */,
				32BABF0126A205E5002618A0 /* quizez-iosUITests */,
				32BABEDE26A205E4002618A0 /* Products */,
				3298C89626AA281D009CB54F /* Frameworks */,
			);
			sourceTree = "<group>";
		};
		32BABEDE26A205E4002618A0 /* Products */ = {
			isa = PBXGroup;
			children = (
				32BABEDD26A205E4002618A0 /* quizez-ios.app */,
				32BABEF326A205E5002618A0 /* quizez-iosTests.xctest */,
				32BABEFE26A205E5002618A0 /* quizez-iosUITests.xctest */,
			);
			name = Products;
			sourceTree = "<group>";
		};
		32BABEDF26A205E4002618A0 /* quizez-ios */ = {
			isa = PBXGroup;
			children = (
				3298C89B26AA4E77009CB54F /* Injection */,
				325495C126AA00930078E290 /* ViewModels */,
				32D4AD3326A7829F00858B83 /* Views */,
				3248B7E826A3F884002A8660 /* Quiz */,
				32BABF1326A20ADE002618A0 /* Network */,
				32BABEE026A205E4002618A0 /* AppDelegate.swift */,
				32BABEE226A205E4002618A0 /* SceneDelegate.swift */,
				32E29E7D26AA7874002090F8 /* Controllers */,
				32BABEE626A205E4002618A0 /* Main.storyboard */,
				32BABEE926A205E5002618A0 /* Assets.xcassets */,
				32BABEEB26A205E5002618A0 /* LaunchScreen.storyboard */,
				32BABEEE26A205E5002618A0 /* Info.plist */,
				325495C926AA0F340078E290 /* AppSettings.swift */,
			);
			path = "quizez-ios";
			sourceTree = "<group>";
		};
		32BABEF626A205E5002618A0 /* quizez-iosTests */ = {
			isa = PBXGroup;
			children = (
				326655EC26A6BC53008D8B32 /* SocketIOServiceTests */,
				32BABEF926A205E5002618A0 /* Info.plist */,
				32BABF2226A25003002618A0 /* Mocks */,
				3248B7EB26A4058F002A8660 /* QuestionTests.swift */,
				32D4AD3126A75F2500858B83 /* ResponseTests.swift */,
			);
			path = "quizez-iosTests";
			sourceTree = "<group>";
		};
		32BABF0126A205E5002618A0 /* quizez-iosUITests */ = {
			isa = PBXGroup;
			children = (
				32BABF0226A205E5002618A0 /* quizez_iosUITests.swift */,
				32BABF0426A205E5002618A0 /* Info.plist */,
			);
			path = "quizez-iosUITests";
			sourceTree = "<group>";
		};
		32BABF1326A20ADE002618A0 /* Network */ = {
			isa = PBXGroup;
			children = (
				32BABF1426A20B09002618A0 /* SocketService.swift */,
				32BABF1826A20E93002618A0 /* SocketError.swift */,
				32BABF1A26A21E5F002618A0 /* SocketResponse.swift */,
				32BABF2326A2B4B0002618A0 /* SocketRequest.swift */,
				32CB7B0526A65D7900395F47 /* SocketIOService.swift */,
				32CB7B0726A65DB300395F47 /* SocketServiceDelegate.swift */,
			);
			path = Network;
			sourceTree = "<group>";
		};
		32BABF2226A25003002618A0 /* Mocks */ = {
			isa = PBXGroup;
			children = (
				32BABF2026A24FFF002618A0 /* SocketServiceDelegateMock.swift */,
			);
			path = Mocks;
			sourceTree = "<group>";
		};
		32D4AD3326A7829F00858B83 /* Views */ = {
			isa = PBXGroup;
			children = (
				3259F65F26A8F6FF0094C49A /* RoundedButton.swift */,
				3259F66026A8F6FF0094C49A /* MainScreenButton.swift */,
			);
			path = Views;
			sourceTree = "<group>";
		};
		32E29E7D26AA7874002090F8 /* Controllers */ = {
			isa = PBXGroup;
			children = (
				3250B02B26BE065D002C5377 /* Util */,
				32BABEE426A205E4002618A0 /* MainViewController.swift */,
			);
			path = Controllers;
			sourceTree = "<group>";
		};
/* End PBXGroup section */

/* Begin PBXNativeTarget section */
		32BABEDC26A205E4002618A0 /* quizez-ios */ = {
			isa = PBXNativeTarget;
			buildConfigurationList = 32BABF0726A205E5002618A0 /* Build configuration list for PBXNativeTarget "quizez-ios" */;
			buildPhases = (
				32BABED926A205E4002618A0 /* Sources */,
				32BABEDA26A205E4002618A0 /* Frameworks */,
				32BABEDB26A205E4002618A0 /* Resources */,
			);
			buildRules = (
			);
			dependencies = (
			);
			name = "quizez-ios";
			packageProductDependencies = (
				32BABF1126A20A0A002618A0 /* SocketIO */,
				3298C89026AA2330009CB54F /* RxCocoa */,
				3298C89226AA2330009CB54F /* RxSwift */,
				3298C89926AA2820009CB54F /* RxRelay */,
			);
			productName = "quizez-ios";
			productReference = 32BABEDD26A205E4002618A0 /* quizez-ios.app */;
			productType = "com.apple.product-type.application";
		};
		32BABEF226A205E5002618A0 /* quizez-iosTests */ = {
			isa = PBXNativeTarget;
			buildConfigurationList = 32BABF0A26A205E5002618A0 /* Build configuration list for PBXNativeTarget "quizez-iosTests" */;
			buildPhases = (
				32BABEEF26A205E5002618A0 /* Sources */,
				32BABEF026A205E5002618A0 /* Frameworks */,
				32BABEF126A205E5002618A0 /* Resources */,
			);
			buildRules = (
			);
			dependencies = (
				32BABEF526A205E5002618A0 /* PBXTargetDependency */,
			);
			name = "quizez-iosTests";
			productName = "quizez-iosTests";
			productReference = 32BABEF326A205E5002618A0 /* quizez-iosTests.xctest */;
			productType = "com.apple.product-type.bundle.unit-test";
		};
		32BABEFD26A205E5002618A0 /* quizez-iosUITests */ = {
			isa = PBXNativeTarget;
			buildConfigurationList = 32BABF0D26A205E5002618A0 /* Build configuration list for PBXNativeTarget "quizez-iosUITests" */;
			buildPhases = (
				32BABEFA26A205E5002618A0 /* Sources */,
				32BABEFB26A205E5002618A0 /* Frameworks */,
				32BABEFC26A205E5002618A0 /* Resources */,
			);
			buildRules = (
			);
			dependencies = (
				32BABF0026A205E5002618A0 /* PBXTargetDependency */,
			);
			name = "quizez-iosUITests";
			productName = "quizez-iosUITests";
			productReference = 32BABEFE26A205E5002618A0 /* quizez-iosUITests.xctest */;
			productType = "com.apple.product-type.bundle.ui-testing";
		};
/* End PBXNativeTarget section */

/* Begin PBXProject section */
		32BABED526A205E4002618A0 /* Project object */ = {
			isa = PBXProject;
			attributes = {
				LastSwiftUpdateCheck = 1250;
				LastUpgradeCheck = 1250;
				TargetAttributes = {
					32BABEDC26A205E4002618A0 = {
						CreatedOnToolsVersion = 12.5.1;
					};
					32BABEF226A205E5002618A0 = {
						CreatedOnToolsVersion = 12.5.1;
						TestTargetID = 32BABEDC26A205E4002618A0;
					};
					32BABEFD26A205E5002618A0 = {
						CreatedOnToolsVersion = 12.5.1;
						TestTargetID = 32BABEDC26A205E4002618A0;
					};
				};
			};
			buildConfigurationList = 32BABED826A205E4002618A0 /* Build configuration list for PBXProject "quizez-ios" */;
			compatibilityVersion = "Xcode 9.3";
			developmentRegion = en;
			hasScannedForEncodings = 0;
			knownRegions = (
				en,
				Base,
			);
			mainGroup = 32BABED426A205E4002618A0;
			packageReferences = (
				32BABF1026A20A0A002618A0 /* XCRemoteSwiftPackageReference "socket" */,
				3298C88F26AA2330009CB54F /* XCRemoteSwiftPackageReference "RxSwift" */,
			);
			productRefGroup = 32BABEDE26A205E4002618A0 /* Products */;
			projectDirPath = "";
			projectRoot = "";
			targets = (
				32BABEDC26A205E4002618A0 /* quizez-ios */,
				32BABEF226A205E5002618A0 /* quizez-iosTests */,
				32BABEFD26A205E5002618A0 /* quizez-iosUITests */,
			);
		};
/* End PBXProject section */

/* Begin PBXResourcesBuildPhase section */
		32BABEDB26A205E4002618A0 /* Resources */ = {
			isa = PBXResourcesBuildPhase;
			buildActionMask = 2147483647;
			files = (
				32BABEED26A205E5002618A0 /* LaunchScreen.storyboard in Resources */,
				32BABEEA26A205E5002618A0 /* Assets.xcassets in Resources */,
				32BABEE826A205E4002618A0 /* Main.storyboard in Resources */,
			);
			runOnlyForDeploymentPostprocessing = 0;
		};
		32BABEF126A205E5002618A0 /* Resources */ = {
			isa = PBXResourcesBuildPhase;
			buildActionMask = 2147483647;
			files = (
			);
			runOnlyForDeploymentPostprocessing = 0;
		};
		32BABEFC26A205E5002618A0 /* Resources */ = {
			isa = PBXResourcesBuildPhase;
			buildActionMask = 2147483647;
			files = (
			);
			runOnlyForDeploymentPostprocessing = 0;
		};
/* End PBXResourcesBuildPhase section */

/* Begin PBXSourcesBuildPhase section */
		32BABED926A205E4002618A0 /* Sources */ = {
			isa = PBXSourcesBuildPhase;
			buildActionMask = 2147483647;
			files = (
				3250B02D26BE066B002C5377 /* AlertFailure.swift in Sources */,
				32CB7B0626A65D7900395F47 /* SocketIOService.swift in Sources */,
				32BABF1B26A21E5F002618A0 /* SocketResponse.swift in Sources */,
				3250B02826BDE884002C5377 /* Feedback.swift in Sources */,
				3248B7EA26A3F88D002A8660 /* Question.swift in Sources */,
				32CB7B0826A65DB300395F47 /* SocketServiceDelegate.swift in Sources */,
				3259F66226A8F6FF0094C49A /* MainScreenButton.swift in Sources */,
				32EF494E26A611E10099BE9C /* Response.swift in Sources */,
				32BABF1926A20E93002618A0 /* SocketError.swift in Sources */,
				325495C326AA01270078E290 /* MainViewModel.swift in Sources */,
				32BABEE526A205E4002618A0 /* MainViewController.swift in Sources */,
				32BABEE126A205E4002618A0 /* AppDelegate.swift in Sources */,
				32E29E7C26AA6DCC002090F8 /* Injector.swift in Sources */,
				325495CA26AA0F340078E290 /* AppSettings.swift in Sources */,
				325495C526AA01390078E290 /* ViewModel.swift in Sources */,
				32BABF1526A20B09002618A0 /* SocketService.swift in Sources */,
				32BABF2426A2B4B0002618A0 /* SocketRequest.swift in Sources */,
				32BABEE326A205E4002618A0 /* SceneDelegate.swift in Sources */,
				3259F66126A8F6FF0094C49A /* RoundedButton.swift in Sources */,
			);
			runOnlyForDeploymentPostprocessing = 0;
		};
		32BABEEF26A205E5002618A0 /* Sources */ = {
			isa = PBXSourcesBuildPhase;
			buildActionMask = 2147483647;
			files = (
				32D4AD3226A75F2500858B83 /* ResponseTests.swift in Sources */,
				3248B7EC26A4058F002A8660 /* QuestionTests.swift in Sources */,
				326655F026A6BD1E008D8B32 /* AdvancedInteractionTests.swift in Sources */,
				326655EE26A6BCB0008D8B32 /* BasicFunctionalityTests.swift in Sources */,
				3250B02A26BDFE8B002C5377 /* QuestionInteractionTests.swift in Sources */,
				32BABF2126A24FFF002618A0 /* SocketServiceDelegateMock.swift in Sources */,
			);
			runOnlyForDeploymentPostprocessing = 0;
		};
		32BABEFA26A205E5002618A0 /* Sources */ = {
			isa = PBXSourcesBuildPhase;
			buildActionMask = 2147483647;
			files = (
				32BABF0326A205E5002618A0 /* quizez_iosUITests.swift in Sources */,
			);
			runOnlyForDeploymentPostprocessing = 0;
		};
/* End PBXSourcesBuildPhase section */

/* Begin PBXTargetDependency section */
		32BABEF526A205E5002618A0 /* PBXTargetDependency */ = {
			isa = PBXTargetDependency;
			target = 32BABEDC26A205E4002618A0 /* quizez-ios */;
			targetProxy = 32BABEF426A205E5002618A0 /* PBXContainerItemProxy */;
		};
		32BABF0026A205E5002618A0 /* PBXTargetDependency */ = {
			isa = PBXTargetDependency;
			target = 32BABEDC26A205E4002618A0 /* quizez-ios */;
			targetProxy = 32BABEFF26A205E5002618A0 /* PBXContainerItemProxy */;
		};
/* End PBXTargetDependency section */

/* Begin PBXVariantGroup section */
		32BABEE626A205E4002618A0 /* Main.storyboard */ = {
			isa = PBXVariantGroup;
			children = (
				32BABEE726A205E4002618A0 /* Base */,
			);
			name = Main.storyboard;
			path = "quizez-ios";
			sourceTree = SOURCE_ROOT;
		};
		32BABEEB26A205E5002618A0 /* LaunchScreen.storyboard */ = {
			isa = PBXVariantGroup;
			children = (
				32BABEEC26A205E5002618A0 /* Base */,
			);
			name = LaunchScreen.storyboard;
			sourceTree = "<group>";
		};
/* End PBXVariantGroup section */

/* Begin XCBuildConfiguration section */
		32BABF0526A205E5002618A0 /* Debug */ = {
			isa = XCBuildConfiguration;
			buildSettings = {
				ALWAYS_SEARCH_USER_PATHS = NO;
				CLANG_ANALYZER_NONNULL = YES;
				CLANG_ANALYZER_NUMBER_OBJECT_CONVERSION = YES_AGGRESSIVE;
				CLANG_CXX_LANGUAGE_STANDARD = "gnu++14";
				CLANG_CXX_LIBRARY = "libc++";
				CLANG_ENABLE_MODULES = YES;
				CLANG_ENABLE_OBJC_ARC = YES;
				CLANG_ENABLE_OBJC_WEAK = YES;
				CLANG_WARN_BLOCK_CAPTURE_AUTORELEASING = YES;
				CLANG_WARN_BOOL_CONVERSION = YES;
				CLANG_WARN_COMMA = YES;
				CLANG_WARN_CONSTANT_CONVERSION = YES;
				CLANG_WARN_DEPRECATED_OBJC_IMPLEMENTATIONS = YES;
				CLANG_WARN_DIRECT_OBJC_ISA_USAGE = YES_ERROR;
				CLANG_WARN_DOCUMENTATION_COMMENTS = YES;
				CLANG_WARN_EMPTY_BODY = YES;
				CLANG_WARN_ENUM_CONVERSION = YES;
				CLANG_WARN_INFINITE_RECURSION = YES;
				CLANG_WARN_INT_CONVERSION = YES;
				CLANG_WARN_NON_LITERAL_NULL_CONVERSION = YES;
				CLANG_WARN_OBJC_IMPLICIT_RETAIN_SELF = YES;
				CLANG_WARN_OBJC_LITERAL_CONVERSION = YES;
				CLANG_WARN_OBJC_ROOT_CLASS = YES_ERROR;
				CLANG_WARN_QUOTED_INCLUDE_IN_FRAMEWORK_HEADER = YES;
				CLANG_WARN_RANGE_LOOP_ANALYSIS = YES;
				CLANG_WARN_STRICT_PROTOTYPES = YES;
				CLANG_WARN_SUSPICIOUS_MOVE = YES;
				CLANG_WARN_UNGUARDED_AVAILABILITY = YES_AGGRESSIVE;
				CLANG_WARN_UNREACHABLE_CODE = YES;
				CLANG_WARN__DUPLICATE_METHOD_MATCH = YES;
				COPY_PHASE_STRIP = NO;
				DEBUG_INFORMATION_FORMAT = dwarf;
				ENABLE_STRICT_OBJC_MSGSEND = YES;
				ENABLE_TESTABILITY = YES;
				ENABLE_TESTING_SEARCH_PATHS = YES;
				GCC_C_LANGUAGE_STANDARD = gnu11;
				GCC_DYNAMIC_NO_PIC = NO;
				GCC_NO_COMMON_BLOCKS = YES;
				GCC_OPTIMIZATION_LEVEL = 0;
				GCC_PREPROCESSOR_DEFINITIONS = (
					"DEBUG=1",
					"$(inherited)",
				);
				GCC_WARN_64_TO_32_BIT_CONVERSION = YES;
				GCC_WARN_ABOUT_RETURN_TYPE = YES_ERROR;
				GCC_WARN_UNDECLARED_SELECTOR = YES;
				GCC_WARN_UNINITIALIZED_AUTOS = YES_AGGRESSIVE;
				GCC_WARN_UNUSED_FUNCTION = YES;
				GCC_WARN_UNUSED_VARIABLE = YES;
				IPHONEOS_DEPLOYMENT_TARGET = 14.5;
				MTL_ENABLE_DEBUG_INFO = INCLUDE_SOURCE;
				MTL_FAST_MATH = YES;
				ONLY_ACTIVE_ARCH = YES;
				SDKROOT = iphoneos;
				SUPPORTED_PLATFORMS = "iphonesimulator iphoneos";
				SWIFT_ACTIVE_COMPILATION_CONDITIONS = DEBUG;
				SWIFT_OPTIMIZATION_LEVEL = "-Onone";
			};
			name = Debug;
		};
		32BABF0626A205E5002618A0 /* Release */ = {
			isa = XCBuildConfiguration;
			buildSettings = {
				ALWAYS_SEARCH_USER_PATHS = NO;
				CLANG_ANALYZER_NONNULL = YES;
				CLANG_ANALYZER_NUMBER_OBJECT_CONVERSION = YES_AGGRESSIVE;
				CLANG_CXX_LANGUAGE_STANDARD = "gnu++14";
				CLANG_CXX_LIBRARY = "libc++";
				CLANG_ENABLE_MODULES = YES;
				CLANG_ENABLE_OBJC_ARC = YES;
				CLANG_ENABLE_OBJC_WEAK = YES;
				CLANG_WARN_BLOCK_CAPTURE_AUTORELEASING = YES;
				CLANG_WARN_BOOL_CONVERSION = YES;
				CLANG_WARN_COMMA = YES;
				CLANG_WARN_CONSTANT_CONVERSION = YES;
				CLANG_WARN_DEPRECATED_OBJC_IMPLEMENTATIONS = YES;
				CLANG_WARN_DIRECT_OBJC_ISA_USAGE = YES_ERROR;
				CLANG_WARN_DOCUMENTATION_COMMENTS = YES;
				CLANG_WARN_EMPTY_BODY = YES;
				CLANG_WARN_ENUM_CONVERSION = YES;
				CLANG_WARN_INFINITE_RECURSION = YES;
				CLANG_WARN_INT_CONVERSION = YES;
				CLANG_WARN_NON_LITERAL_NULL_CONVERSION = YES;
				CLANG_WARN_OBJC_IMPLICIT_RETAIN_SELF = YES;
				CLANG_WARN_OBJC_LITERAL_CONVERSION = YES;
				CLANG_WARN_OBJC_ROOT_CLASS = YES_ERROR;
				CLANG_WARN_QUOTED_INCLUDE_IN_FRAMEWORK_HEADER = YES;
				CLANG_WARN_RANGE_LOOP_ANALYSIS = YES;
				CLANG_WARN_STRICT_PROTOTYPES = YES;
				CLANG_WARN_SUSPICIOUS_MOVE = YES;
				CLANG_WARN_UNGUARDED_AVAILABILITY = YES_AGGRESSIVE;
				CLANG_WARN_UNREACHABLE_CODE = YES;
				CLANG_WARN__DUPLICATE_METHOD_MATCH = YES;
				COPY_PHASE_STRIP = NO;
				DEBUG_INFORMATION_FORMAT = "dwarf-with-dsym";
				ENABLE_NS_ASSERTIONS = NO;
				ENABLE_STRICT_OBJC_MSGSEND = YES;
				ENABLE_TESTING_SEARCH_PATHS = YES;
				GCC_C_LANGUAGE_STANDARD = gnu11;
				GCC_NO_COMMON_BLOCKS = YES;
				GCC_WARN_64_TO_32_BIT_CONVERSION = YES;
				GCC_WARN_ABOUT_RETURN_TYPE = YES_ERROR;
				GCC_WARN_UNDECLARED_SELECTOR = YES;
				GCC_WARN_UNINITIALIZED_AUTOS = YES_AGGRESSIVE;
				GCC_WARN_UNUSED_FUNCTION = YES;
				GCC_WARN_UNUSED_VARIABLE = YES;
				IPHONEOS_DEPLOYMENT_TARGET = 14.5;
				MTL_ENABLE_DEBUG_INFO = NO;
				MTL_FAST_MATH = YES;
				ONLY_ACTIVE_ARCH = NO;
				SDKROOT = iphoneos;
				SUPPORTED_PLATFORMS = "iphonesimulator iphoneos";
				SWIFT_COMPILATION_MODE = wholemodule;
				SWIFT_OPTIMIZATION_LEVEL = "-O";
				VALIDATE_PRODUCT = YES;
			};
			name = Release;
		};
		32BABF0826A205E5002618A0 /* Debug */ = {
			isa = XCBuildConfiguration;
			buildSettings = {
				ASSETCATALOG_COMPILER_APPICON_NAME = AppIcon;
				ASSETCATALOG_COMPILER_GLOBAL_ACCENT_COLOR_NAME = AccentColor;
				CODE_SIGN_IDENTITY = "Apple Development";
				CODE_SIGN_STYLE = Automatic;
				DEVELOPMENT_TEAM = DD8KL3C325;
				INFOPLIST_FILE = "quizez-ios/Info.plist";
				IPHONEOS_DEPLOYMENT_TARGET = 14.5;
				LD_RUNPATH_SEARCH_PATHS = (
					"$(inherited)",
					"@executable_path/Frameworks",
				);
				PRODUCT_BUNDLE_IDENTIFIER = "com.github.jtaylordev.quizez-ios";
				PRODUCT_NAME = "$(TARGET_NAME)";
				PROVISIONING_PROFILE_SPECIFIER = "";
				SERVER_URL = "http://localhost:30000";
				SWIFT_VERSION = 5.0;
				TARGETED_DEVICE_FAMILY = "1,2";
			};
			name = Debug;
		};
		32BABF0926A205E5002618A0 /* Release */ = {
			isa = XCBuildConfiguration;
			buildSettings = {
				ASSETCATALOG_COMPILER_APPICON_NAME = AppIcon;
				ASSETCATALOG_COMPILER_GLOBAL_ACCENT_COLOR_NAME = AccentColor;
				CODE_SIGN_IDENTITY = "Apple Development";
				CODE_SIGN_STYLE = Automatic;
				DEVELOPMENT_TEAM = DD8KL3C325;
				INFOPLIST_FILE = "quizez-ios/Info.plist";
				IPHONEOS_DEPLOYMENT_TARGET = 14.5;
				LD_RUNPATH_SEARCH_PATHS = (
					"$(inherited)",
					"@executable_path/Frameworks",
				);
				PRODUCT_BUNDLE_IDENTIFIER = "com.github.jtaylordev.quizez-ios";
				PRODUCT_NAME = "$(TARGET_NAME)";
				PROVISIONING_PROFILE_SPECIFIER = "";
				SERVER_URL = "";
				SWIFT_VERSION = 5.0;
				TARGETED_DEVICE_FAMILY = "1,2";
			};
			name = Release;
		};
		32BABF0B26A205E5002618A0 /* Debug */ = {
			isa = XCBuildConfiguration;
			buildSettings = {
				ALWAYS_EMBED_SWIFT_STANDARD_LIBRARIES = YES;
				BUNDLE_LOADER = "$(TEST_HOST)";
				CODE_SIGN_IDENTITY = "Apple Development";
				"CODE_SIGN_IDENTITY[sdk=macosx*]" = "Apple Development";
				CODE_SIGN_STYLE = Automatic;
				DEVELOPMENT_TEAM = DD8KL3C325;
				INFOPLIST_FILE = "quizez-iosTests/Info.plist";
				IPHONEOS_DEPLOYMENT_TARGET = 14.5;
				LD_RUNPATH_SEARCH_PATHS = (
					"$(inherited)",
					"@executable_path/Frameworks",
					"@loader_path/Frameworks",
				);
				PRODUCT_BUNDLE_IDENTIFIER = "com.github.jtaylordev.quizez-iosTests";
				PRODUCT_NAME = "$(TARGET_NAME)";
				PROVISIONING_PROFILE_SPECIFIER = "";
				"PROVISIONING_PROFILE_SPECIFIER[sdk=macosx*]" = "";
				SWIFT_VERSION = 5.0;
				TARGETED_DEVICE_FAMILY = "1,2";
				TEST_HOST = "$(BUILT_PRODUCTS_DIR)/quizez-ios.app/quizez-ios";
			};
			name = Debug;
		};
		32BABF0C26A205E5002618A0 /* Release */ = {
			isa = XCBuildConfiguration;
			buildSettings = {
				ALWAYS_EMBED_SWIFT_STANDARD_LIBRARIES = YES;
				BUNDLE_LOADER = "$(TEST_HOST)";
				CODE_SIGN_IDENTITY = "Apple Development";
				"CODE_SIGN_IDENTITY[sdk=macosx*]" = "Apple Development";
				CODE_SIGN_STYLE = Automatic;
				DEVELOPMENT_TEAM = DD8KL3C325;
				INFOPLIST_FILE = "quizez-iosTests/Info.plist";
				IPHONEOS_DEPLOYMENT_TARGET = 14.5;
				LD_RUNPATH_SEARCH_PATHS = (
					"$(inherited)",
					"@executable_path/Frameworks",
					"@loader_path/Frameworks",
				);
				PRODUCT_BUNDLE_IDENTIFIER = "com.github.jtaylordev.quizez-iosTests";
				PRODUCT_NAME = "$(TARGET_NAME)";
				PROVISIONING_PROFILE_SPECIFIER = "";
				"PROVISIONING_PROFILE_SPECIFIER[sdk=macosx*]" = "";
				SWIFT_VERSION = 5.0;
				TARGETED_DEVICE_FAMILY = "1,2";
				TEST_HOST = "$(BUILT_PRODUCTS_DIR)/quizez-ios.app/quizez-ios";
			};
			name = Release;
		};
		32BABF0E26A205E5002618A0 /* Debug */ = {
			isa = XCBuildConfiguration;
			buildSettings = {
				ALWAYS_EMBED_SWIFT_STANDARD_LIBRARIES = YES;
				"CODE_SIGN_IDENTITY[sdk=macosx*]" = "Apple Development";
				CODE_SIGN_STYLE = Automatic;
				DEVELOPMENT_TEAM = DD8KL3C325;
				INFOPLIST_FILE = "quizez-iosUITests/Info.plist";
				LD_RUNPATH_SEARCH_PATHS = (
					"$(inherited)",
					"@executable_path/Frameworks",
					"@loader_path/Frameworks",
				);
				PRODUCT_BUNDLE_IDENTIFIER = "com.github.jtaylordev.quizez-iosUITests";
				PRODUCT_NAME = "$(TARGET_NAME)";
				SWIFT_VERSION = 5.0;
				TARGETED_DEVICE_FAMILY = "1,2";
				TEST_TARGET_NAME = "quizez-ios";
			};
			name = Debug;
		};
		32BABF0F26A205E5002618A0 /* Release */ = {
			isa = XCBuildConfiguration;
			buildSettings = {
				ALWAYS_EMBED_SWIFT_STANDARD_LIBRARIES = YES;
				CODE_SIGN_STYLE = Automatic;
				DEVELOPMENT_TEAM = DD8KL3C325;
				INFOPLIST_FILE = "quizez-iosUITests/Info.plist";
				LD_RUNPATH_SEARCH_PATHS = (
					"$(inherited)",
					"@executable_path/Frameworks",
					"@loader_path/Frameworks",
				);
				PRODUCT_BUNDLE_IDENTIFIER = "com.github.jtaylordev.quizez-iosUITests";
				PRODUCT_NAME = "$(TARGET_NAME)";
				SWIFT_VERSION = 5.0;
				TARGETED_DEVICE_FAMILY = "1,2";
				TEST_TARGET_NAME = "quizez-ios";
			};
			name = Release;
		};
/* End XCBuildConfiguration section */

/* Begin XCConfigurationList section */
		32BABED826A205E4002618A0 /* Build configuration list for PBXProject "quizez-ios" */ = {
			isa = XCConfigurationList;
			buildConfigurations = (
				32BABF0526A205E5002618A0 /* Debug */,
				32BABF0626A205E5002618A0 /* Release */,
			);
			defaultConfigurationIsVisible = 0;
			defaultConfigurationName = Release;
		};
		32BABF0726A205E5002618A0 /* Build configuration list for PBXNativeTarget "quizez-ios" */ = {
			isa = XCConfigurationList;
			buildConfigurations = (
				32BABF0826A205E5002618A0 /* Debug */,
				32BABF0926A205E5002618A0 /* Release */,
			);
			defaultConfigurationIsVisible = 0;
			defaultConfigurationName = Release;
		};
		32BABF0A26A205E5002618A0 /* Build configuration list for PBXNativeTarget "quizez-iosTests" */ = {
			isa = XCConfigurationList;
			buildConfigurations = (
				32BABF0B26A205E5002618A0 /* Debug */,
				32BABF0C26A205E5002618A0 /* Release */,
			);
			defaultConfigurationIsVisible = 0;
			defaultConfigurationName = Release;
		};
		32BABF0D26A205E5002618A0 /* Build configuration list for PBXNativeTarget "quizez-iosUITests" */ = {
			isa = XCConfigurationList;
			buildConfigurations = (
				32BABF0E26A205E5002618A0 /* Debug */,
				32BABF0F26A205E5002618A0 /* Release */,
			);
			defaultConfigurationIsVisible = 0;
			defaultConfigurationName = Release;
		};
/* End XCConfigurationList section */

/* Begin XCRemoteSwiftPackageReference section */
		3298C88F26AA2330009CB54F /* XCRemoteSwiftPackageReference "RxSwift" */ = {
			isa = XCRemoteSwiftPackageReference;
			repositoryURL = "https://github.com/ReactiveX/RxSwift";
			requirement = {
				kind = upToNextMajorVersion;
				minimumVersion = 6.0.0;
			};
		};
		32BABF1026A20A0A002618A0 /* XCRemoteSwiftPackageReference "socket" */ = {
			isa = XCRemoteSwiftPackageReference;
			repositoryURL = "https://github.com/socketio/socket.io-client-swift";
			requirement = {
				kind = upToNextMajorVersion;
				minimumVersion = 16.0.1;
			};
		};
/* End XCRemoteSwiftPackageReference section */

/* Begin XCSwiftPackageProductDependency section */
		3298C89026AA2330009CB54F /* RxCocoa */ = {
			isa = XCSwiftPackageProductDependency;
			package = 3298C88F26AA2330009CB54F /* XCRemoteSwiftPackageReference "RxSwift" */;
			productName = RxCocoa;
		};
		3298C89226AA2330009CB54F /* RxSwift */ = {
			isa = XCSwiftPackageProductDependency;
			package = 3298C88F26AA2330009CB54F /* XCRemoteSwiftPackageReference "RxSwift" */;
			productName = RxSwift;
		};
		3298C89926AA2820009CB54F /* RxRelay */ = {
			isa = XCSwiftPackageProductDependency;
			package = 3298C88F26AA2330009CB54F /* XCRemoteSwiftPackageReference "RxSwift" */;
			productName = RxRelay;
		};
		32BABF1126A20A0A002618A0 /* SocketIO */ = {
			isa = XCSwiftPackageProductDependency;
			package = 32BABF1026A20A0A002618A0 /* XCRemoteSwiftPackageReference "socket" */;
			productName = SocketIO;
		};
/* End XCSwiftPackageProductDependency section */
	};
	rootObject = 32BABED526A205E4002618A0 /* Project object */;
}
